
Microsoft Visual Studio Solution File, Format Version 12.00
# Visual Studio Version 17
VisualStudioVersion = 17.5.33424.131
MinimumVisualStudioVersion = 10.0.40219.1
Project("{FAE04EC0-301F-11D3-BF4B-00C04F79EFBC}") = "WindowForms", "WindowForms\WindowForms.csproj", "{57FC7632-6CD7-4656-B4A6-D2BEE0329141}"
EndProject
Global
	GlobalSection(SolutionConfigurationPlatforms) = preSolution
		Debug|Any CPU = Debug|Any CPU
		Release|Any CPU = Release|Any CPU
	EndGlobalSection
	GlobalSection(ProjectConfigurationPlatforms) = postSolution
		{57FC7632-6CD7-4656-B4A6-D2BEE0329141}.Debug|Any CPU.ActiveCfg = Debug|Any CPU
		{57FC7632-6CD7-4656-B4A6-D2BEE0329141}.Debug|Any CPU.Build.0 = Debug|Any CPU
		{57FC7632-6CD7-4656-B4A6-D2BEE0329141}.Release|Any CPU.ActiveCfg = Release|Any CPU
		{57FC7632-6CD7-4656-B4A6-D2BEE0329141}.Release|Any CPU.Build.0 = Release|Any CPU
	EndGlobalSection
	GlobalSection(SolutionProperties) = preSolution
		HideSolutionNode = FALSE
	EndGlobalSection
	GlobalSection(ExtensibilityGlobals) = postSolution
		SolutionGuid = {39119C89-DC8C-4411-8A56-D1F11FA5592A}
	EndGlobalSection
EndGlobal
